<Solution>
  <Project Path="TraditionalWaterPump/TraditionalWaterPump.csproj" Id="c4d0aa02-d0d7-475a-84f3-87c14376b12a" />
  <Project Path="xbd.ControlLib/xbd.ControlLib.csproj" Id="d95ed733-cf03-4636-a414-3882d3fa8cab" />
  <Project Path="xbd.s7netplus/xbd.s7netplus.csproj" Id="87dca77d-a82c-4ccd-8792-5e6cfb0cc765" />
</Solution>
